
Microsoft Visual Studio Solution File, Format Version 12.00
# Visual Studio Version 16
VisualStudioVersion = 16.0.31005.135
MinimumVisualStudioVersion = 10.0.40219.1
Project("{FAE04EC0-301F-11D3-BF4B-00C04F79EFBC}") = "msp.api", "msp.api\msp.api.csproj", "{58FB5591-9C4C-4269-A735-9FD4A4E70078}"
EndProject
Global
	GlobalSection(SolutionConfigurationPlatforms) = preSolution
		Debug|Any CPU = Debug|Any CPU
		Release|Any CPU = Release|Any CPU
	EndGlobalSection
	GlobalSection(ProjectConfigurationPlatforms) = postSolution
		{58FB5591-9C4C-4269-A735-9FD4A4E70078}.Debug|Any CPU.ActiveCfg = Debug|Any CPU
		{58FB5591-9C4C-4269-A735-9FD4A4E70078}.Debug|Any CPU.Build.0 = Debug|Any CPU
		{58FB5591-9C4C-4269-A735-9FD4A4E70078}.Release|Any CPU.ActiveCfg = Release|Any CPU
		{58FB5591-9C4C-4269-A735-9FD4A4E70078}.Release|Any CPU.Build.0 = Release|Any CPU
	EndGlobalSection
	GlobalSection(SolutionProperties) = preSolution
		HideSolutionNode = FALSE
	EndGlobalSection
	GlobalSection(ExtensibilityGlobals) = postSolution
		SolutionGuid = {97FB2995-DDF3-4B95-9E33-632B1BC74745}
	EndGlobalSection
EndGlobal
